
Microsoft Visual Studio Solution File, Format Version 12.00
# Visual Studio Version 17
VisualStudioVersion = 17.9.34622.214
MinimumVisualStudioVersion = 10.0.40219.1
Project("{FAE04EC0-301F-11D3-BF4B-00C04F79EFBC}") = "M1Task", "M1Task\M1Task.csproj", "{9EDE5FCA-4B59-4E21-A51E-823483CB4AD3}"
EndProject
Global
	GlobalSection(SolutionConfigurationPlatforms) = preSolution
		Debug|Any CPU = Debug|Any CPU
		Release|Any CPU = Release|Any CPU
	EndGlobalSection
	GlobalSection(ProjectConfigurationPlatforms) = postSolution
		{9EDE5FCA-4B59-4E21-A51E-823483CB4AD3}.Debug|Any CPU.ActiveCfg = Debug|Any CPU
		{9EDE5FCA-4B59-4E21-A51E-823483CB4AD3}.Debug|Any CPU.Build.0 = Debug|Any CPU
		{9EDE5FCA-4B59-4E21-A51E-823483CB4AD3}.Release|Any CPU.ActiveCfg = Release|Any CPU
		{9EDE5FCA-4B59-4E21-A51E-823483CB4AD3}.Release|Any CPU.Build.0 = Release|Any CPU
	EndGlobalSection
	GlobalSection(SolutionProperties) = preSolution
		HideSolutionNode = FALSE
	EndGlobalSection
	GlobalSection(ExtensibilityGlobals) = postSolution
		SolutionGuid = {C97FFC27-E2BB-4B11-8601-6A2127B65CFB}
	EndGlobalSection
EndGlobal
