
Microsoft Visual Studio Solution File, Format Version 12.00
# Visual Studio Version 17
VisualStudioVersion = 17.9.34622.214
MinimumVisualStudioVersion = 10.0.40219.1
Project("{9A19103F-16F7-4668-BE54-9A1E7A4F7556}") = "M1Task", "M1Task\M1Task.csproj", "{9EDE5FCA-4B59-4E21-A51E-823483CB4AD3}"
EndProject
Project("{9A19103F-16F7-4668-BE54-9A1E7A4F7556}") = "M2Task", "M2Task\M2Task.csproj", "{1DF8EC7B-23C4-4411-B01D-D6B5F88201EB}"
EndProject
Global
	GlobalSection(SolutionConfigurationPlatforms) = preSolution
		Debug|Any CPU = Debug|Any CPU
		Release|Any CPU = Release|Any CPU
	EndGlobalSection
	GlobalSection(ProjectConfigurationPlatforms) = postSolution
		{9EDE5FCA-4B59-4E21-A51E-823483CB4AD3}.Debug|Any CPU.ActiveCfg = Debug|Any CPU
		{9EDE5FCA-4B59-4E21-A51E-823483CB4AD3}.Debug|Any CPU.Build.0 = Debug|Any CPU
		{9EDE5FCA-4B59-4E21-A51E-823483CB4AD3}.Release|Any CPU.ActiveCfg = Release|Any CPU
		{9EDE5FCA-4B59-4E21-A51E-823483CB4AD3}.Release|Any CPU.Build.0 = Release|Any CPU
		{1DF8EC7B-23C4-4411-B01D-D6B5F88201EB}.Debug|Any CPU.ActiveCfg = Debug|Any CPU
		{1DF8EC7B-23C4-4411-B01D-D6B5F88201EB}.Debug|Any CPU.Build.0 = Debug|Any CPU
		{1DF8EC7B-23C4-4411-B01D-D6B5F88201EB}.Debug|Any CPU.Deploy.0 = Debug|Any CPU
		{1DF8EC7B-23C4-4411-B01D-D6B5F88201EB}.Release|Any CPU.ActiveCfg = Release|Any CPU
		{1DF8EC7B-23C4-4411-B01D-D6B5F88201EB}.Release|Any CPU.Build.0 = Release|Any CPU
		{1DF8EC7B-23C4-4411-B01D-D6B5F88201EB}.Release|Any CPU.Deploy.0 = Release|Any CPU
	EndGlobalSection
	GlobalSection(SolutionProperties) = preSolution
		HideSolutionNode = FALSE
	EndGlobalSection
	GlobalSection(ExtensibilityGlobals) = postSolution
		SolutionGuid = {C97FFC27-E2BB-4B11-8601-6A2127B65CFB}
	EndGlobalSection
EndGlobal
